{
    "_readme": [
        "This file locks the dependencies of your project to a known state",
        "Read more about it at http://getcomposer.org/doc/01-basic-usage.md#composer-lock-the-lock-file"
    ],
    "hash": "2d140519f813b6a988292edd06b81855",
    "packages": [
        {
            "name": "gabordemooij/redbean",
            "version": "dev-master",
            "source": {
                "type": "git",
                "url": "https://github.com/gabordemooij/redbean.git",
                "reference": "7d63351a9015137f7e3ff5fccb6a0a13f2135965"
            },
            "dist": {
                "type": "zip",
                "url": "https://api.github.com/repos/gabordemooij/redbean/zipball/7d63351a9015137f7e3ff5fccb6a0a13f2135965",
                "reference": "7d63351a9015137f7e3ff5fccb6a0a13f2135965",
                "shasum": ""
            },
            "require": {
                "php": ">=5.2.0"
            },
            "type": "library",
            "autoload": {
                "psr-0": {
                    "RedBean_": ""
                }
            },
            "notification-url": "http://packagist.org/downloads/",
            "license": [
                "BSD"
            ],
            "authors": [
                {
                    "name": "Gabor de Mooij",
                    "email": "gabordemooij@gmail.com",
                    "homepage": "http://www.redbeanphp.com",
                    "role": "Developer"
                }
            ],
            "description": "Easy ORM for PHP",
            "homepage": "http://github.com/gabordemooij/redbean",
            "keywords": [
                "Object Relational Mapping",
                "orm"
            ],
            "time": "2013-05-23 16:02:37"
        },
        {
            "name": "php-gcm/php-gcm",
            "version": "dev-master",
            "source": {
                "type": "git",
                "url": "https://github.com/lkorth/php-gcm.git",
                "reference": "c950bd332196ebc28a21b2298541b839ba3471de"
            },
            "dist": {
                "type": "zip",
                "url": "https://api.github.com/repos/lkorth/php-gcm/zipball/c950bd332196ebc28a21b2298541b839ba3471de",
                "reference": "c950bd332196ebc28a21b2298541b839ba3471de",
                "shasum": ""
            },
            "type": "library",
            "autoload": {
                "psr-0": {
                    "PHP_GCM": "src/"
                }
            },
            "notification-url": "http://packagist.org/downloads/",
            "license": [
                "Apache-2.0"
            ],
            "authors": [
                {
                    "name": "Luke Korth",
                    "email": "luke@lukekorth.com"
                }
            ],
            "description": "A PHP library for sending GCM messages",
            "homepage": "https://github.com/lkorth/php-gcm",
            "keywords": [
                "gcm",
                "library",
                "php"
            ],
            "time": "2013-04-22 19:32:31"
        }
    ],
    "packages-dev": [

    ],
    "aliases": [

    ],
    "minimum-stability": "stable",
    "stability-flags": {
        "gabordemooij/redbean": 20,
        "php-gcm/php-gcm": 20
    },
    "platform": [

    ],
    "platform-dev": [

    ]
}
